{
  "version": 4,
  "terraform_version": "1.3.2",
  "serial": 86,
  "lineage": "14cc9193-3ae9-63a2-5e6e-f1b54d2e8591",
  "outputs": {},
  "resources": [
    {
      "mode": "data",
      "type": "yandex_compute_instance",
      "name": "data_insti1",
      "provider": "provider[\"registry.terraform.io/yandex-cloud/yandex\"]",
      "instances": [
        {
          "schema_version": 0,
          "attributes": {
            "boot_disk": [
              {
                "auto_delete": true,
                "device_name": "fhmuf7t4n7u85l8102v3",
                "disk_id": "fhmuf7t4n7u85l8102v3",
                "initialize_params": [
                  {
                    "block_size": 4096,
                    "description": "",
                    "image_id": "fd8pud26a17jdkbf9ecb",
                    "name": "",
                    "size": 3,
                    "snapshot_id": "",
                    "type": "network-hdd"
                  }
                ],
                "mode": "READ_WRITE"
              }
            ],
            "created_at": "2022-10-17T21:39:17Z",
            "description": "",
            "folder_id": "b1gul91ei8j7s5474qh6",
            "fqdn": "fhmaar7gf12vju497333.auto.internal",
            "id": "fhmaar7gf12vju497333",
            "instance_id": "fhmaar7gf12vju497333",
            "labels": {},
            "local_disk": [],
            "metadata": {
              "ssh-keys": "ubuntu:ssh-rsa AAAAB3NzaC1yc2EAAAADAQABAAABgQDYgWAT1jwgMPQnJOrAmYiBKey+cNqgk5Qn7J6i5c6ohS4Xrs8kAQJf/N3X12Yfg0YMYyEKlU/691axzaIjzQ8dbpr2jLTHuqw66Roa7wKW26Egp1sF5/edoIVIzXINB7S/D6novw1zS0jyDiiL2hDfOFabuq94+q7SgthfLVYACLtbv1+XgcHdrcC+C+Q6fEjJxqG5uVrOSjZxoovnxndNeGEQeHdmDLbNj4wAzJvonEVuaSrT9wOzMsvHRhsckr5Rkhu27/qStMbvbnpuW10uUUWbbuC5F+XF2JwMVuAHRpu+dOK6Nb6dMH9Wn320QGgVuvrp4Wz/udpjrtZKVahjtbiVd4CKA2WxPYdRXdypv5GAeZqxTOFmJQzx6lRqY8j1Gy344PkpCDN5/E2tRYuUC5zZVqW0zExhQsX1BQnl9ejZsG35s6UMt3znthJ+2P9wxwDzFg55xTih3a9c7dTxIfwQvyFNTaKwAK3hZcmyqapWczCIKCFf87KlCFDduws= admin@terraform\n"
            },
            "name": "inst-1",
            "network_acceleration_type": "standard",
            "network_interface": [
              {
                "dns_record": [],
                "index": 0,
                "ip_address": "192.168.10.27",
                "ipv4": true,
                "ipv6": false,
                "ipv6_address": "",
                "ipv6_dns_record": [],
                "mac_address": "d0:0d:a5:6c:f0:78",
                "nat": true,
                "nat_dns_record": [],
                "nat_ip_address": "",
                "nat_ip_version": "IPV4",
                "security_group_ids": [],
                "subnet_id": "e9beu71f5oo5nj2qib11"
              }
            ],
            "placement_policy": [
              {
                "host_affinity_rules": [],
                "placement_group_id": ""
              }
            ],
            "platform_id": "standard-v1",
            "resources": [
              {
                "core_fraction": 100,
                "cores": 2,
                "gpus": 0,
                "memory": 2
              }
            ],
            "scheduling_policy": [
              {
                "preemptible": false
              }
            ],
            "secondary_disk": [],
            "service_account_id": "",
            "status": "stopped",
            "zone": "ru-central1-a"
          },
          "sensitive_attributes": []
        }
      ]
    },
    {
      "mode": "data",
      "type": "yandex_compute_instance",
      "name": "data_insti2",
      "provider": "provider[\"registry.terraform.io/yandex-cloud/yandex\"]",
      "instances": [
        {
          "schema_version": 0,
          "attributes": {
            "boot_disk": [
              {
                "auto_delete": true,
                "device_name": "fhma1mamn6gjidm55cmg",
                "disk_id": "fhma1mamn6gjidm55cmg",
                "initialize_params": [
                  {
                    "block_size": 4096,
                    "description": "",
                    "image_id": "fd8pud26a17jdkbf9ecb",
                    "name": "",
                    "size": 3,
                    "snapshot_id": "",
                    "type": "network-hdd"
                  }
                ],
                "mode": "READ_WRITE"
              }
            ],
            "created_at": "2022-10-17T21:39:17Z",
            "description": "",
            "folder_id": "b1gul91ei8j7s5474qh6",
            "fqdn": "fhmuijsn20k4icmtevcj.auto.internal",
            "id": "fhmuijsn20k4icmtevcj",
            "instance_id": "fhmuijsn20k4icmtevcj",
            "labels": {},
            "local_disk": [],
            "metadata": {
              "ssh-keys": "ubuntu:ssh-rsa AAAAB3NzaC1yc2EAAAADAQABAAABgQDYgWAT1jwgMPQnJOrAmYiBKey+cNqgk5Qn7J6i5c6ohS4Xrs8kAQJf/N3X12Yfg0YMYyEKlU/691axzaIjzQ8dbpr2jLTHuqw66Roa7wKW26Egp1sF5/edoIVIzXINB7S/D6novw1zS0jyDiiL2hDfOFabuq94+q7SgthfLVYACLtbv1+XgcHdrcC+C+Q6fEjJxqG5uVrOSjZxoovnxndNeGEQeHdmDLbNj4wAzJvonEVuaSrT9wOzMsvHRhsckr5Rkhu27/qStMbvbnpuW10uUUWbbuC5F+XF2JwMVuAHRpu+dOK6Nb6dMH9Wn320QGgVuvrp4Wz/udpjrtZKVahjtbiVd4CKA2WxPYdRXdypv5GAeZqxTOFmJQzx6lRqY8j1Gy344PkpCDN5/E2tRYuUC5zZVqW0zExhQsX1BQnl9ejZsG35s6UMt3znthJ+2P9wxwDzFg55xTih3a9c7dTxIfwQvyFNTaKwAK3hZcmyqapWczCIKCFf87KlCFDduws= admin@terraform\n"
            },
            "name": "inst-2",
            "network_acceleration_type": "standard",
            "network_interface": [
              {
                "dns_record": [],
                "index": 0,
                "ip_address": "192.168.10.3",
                "ipv4": true,
                "ipv6": false,
                "ipv6_address": "",
                "ipv6_dns_record": [],
                "mac_address": "d0:0d:1e:94:f9:71",
                "nat": true,
                "nat_dns_record": [],
                "nat_ip_address": "",
                "nat_ip_version": "IPV4",
                "security_group_ids": [],
                "subnet_id": "e9beu71f5oo5nj2qib11"
              }
            ],
            "placement_policy": [
              {
                "host_affinity_rules": [],
                "placement_group_id": ""
              }
            ],
            "platform_id": "standard-v1",
            "resources": [
              {
                "core_fraction": 100,
                "cores": 2,
                "gpus": 0,
                "memory": 2
              }
            ],
            "scheduling_policy": [
              {
                "preemptible": false
              }
            ],
            "secondary_disk": [],
            "service_account_id": "",
            "status": "stopped",
            "zone": "ru-central1-a"
          },
          "sensitive_attributes": []
        }
      ]
    },
    {
      "mode": "managed",
      "type": "yandex_lb_network_load_balancer",
      "name": "my-lb",
      "provider": "provider[\"registry.terraform.io/yandex-cloud/yandex\"]",
      "instances": [
        {
          "schema_version": 0,
          "attributes": {
            "attached_target_group": [
              {
                "healthcheck": [
                  {
                    "healthy_threshold": 2,
                    "http_options": [
                      {
                        "path": "/ping",
                        "port": 8080
                      }
                    ],
                    "interval": 2,
                    "name": "http",
                    "tcp_options": [],
                    "timeout": 1,
                    "unhealthy_threshold": 2
                  }
                ],
                "target_group_id": "enpjg2p31qqtvcvujol6"
              }
            ],
            "created_at": "2022-10-19T20:14:36Z",
            "description": "",
            "folder_id": "b1gul91ei8j7s5474qh6",
            "id": "enpmlukgqlfkrbnejabq",
            "labels": null,
            "listener": [
              {
                "external_address_spec": [
                  {
                    "address": "51.250.4.121",
                    "ip_version": "ipv4"
                  }
                ],
                "internal_address_spec": [],
                "name": "listener",
                "port": 8080,
                "protocol": "tcp",
                "target_port": 8080
              }
            ],
            "name": "my-network-load-balancer",
            "region_id": "ru-central1",
            "timeouts": null,
            "type": "external"
          },
          "sensitive_attributes": [],
          "private": "eyJlMmJmYjczMC1lY2FhLTExZTYtOGY4OC0zNDM2M2JjN2M0YzAiOnsiY3JlYXRlIjozMDAwMDAwMDAwMDAsImRlbGV0ZSI6MzAwMDAwMDAwMDAwLCJ1cGRhdGUiOjMwMDAwMDAwMDAwMH19",
          "dependencies": [
            "data.yandex_compute_instance.data_insti1",
            "data.yandex_compute_instance.data_insti2",
            "yandex_lb_target_group.my-tg"
          ]
        }
      ]
    },
    {
      "mode": "managed",
      "type": "yandex_lb_target_group",
      "name": "my-tg",
      "provider": "provider[\"registry.terraform.io/yandex-cloud/yandex\"]",
      "instances": [
        {
          "schema_version": 0,
          "attributes": {
            "created_at": "2022-10-19T20:14:35Z",
            "description": "",
            "folder_id": "b1gul91ei8j7s5474qh6",
            "id": "enpjg2p31qqtvcvujol6",
            "labels": null,
            "name": "my-target-group",
            "region_id": "ru-central1",
            "target": [
              {
                "address": "192.168.10.27",
                "subnet_id": "e9beu71f5oo5nj2qib11"
              },
              {
                "address": "192.168.10.3",
                "subnet_id": "e9beu71f5oo5nj2qib11"
              }
            ],
            "timeouts": null
          },
          "sensitive_attributes": [],
          "private": "eyJlMmJmYjczMC1lY2FhLTExZTYtOGY4OC0zNDM2M2JjN2M0YzAiOnsiY3JlYXRlIjozMDAwMDAwMDAwMDAsImRlbGV0ZSI6MzAwMDAwMDAwMDAwLCJ1cGRhdGUiOjMwMDAwMDAwMDAwMH19",
          "dependencies": [
            "data.yandex_compute_instance.data_insti1",
            "data.yandex_compute_instance.data_insti2"
          ]
        }
      ]
    },
    {
      "mode": "managed",
      "type": "yandex_vpc_network",
      "name": "network-1",
      "provider": "provider[\"registry.terraform.io/yandex-cloud/yandex\"]",
      "instances": [
        {
          "schema_version": 0,
          "attributes": {
            "created_at": "2022-10-17T18:53:59Z",
            "default_security_group_id": "",
            "description": "",
            "folder_id": "b1gul91ei8j7s5474qh6",
            "id": "enptb824ivk7169vs2lc",
            "labels": {},
            "name": "net1",
            "subnet_ids": [
              "e2laaumkjofsd7v68fkr",
              "e9beu71f5oo5nj2qib11"
            ],
            "timeouts": null
          },
          "sensitive_attributes": [],
          "private": "eyJlMmJmYjczMC1lY2FhLTExZTYtOGY4OC0zNDM2M2JjN2M0YzAiOnsiY3JlYXRlIjo2MDAwMDAwMDAwMCwiZGVsZXRlIjo2MDAwMDAwMDAwMCwidXBkYXRlIjo2MDAwMDAwMDAwMH19"
        }
      ]
    },
    {
      "mode": "managed",
      "type": "yandex_vpc_subnet",
      "name": "subnet-1",
      "provider": "provider[\"registry.terraform.io/yandex-cloud/yandex\"]",
      "instances": [
        {
          "schema_version": 0,
          "attributes": {
            "created_at": "2022-10-17T18:54:00Z",
            "description": "",
            "dhcp_options": [],
            "folder_id": "b1gul91ei8j7s5474qh6",
            "id": "e9beu71f5oo5nj2qib11",
            "labels": {},
            "name": "subnet1",
            "network_id": "enptb824ivk7169vs2lc",
            "route_table_id": "",
            "timeouts": null,
            "v4_cidr_blocks": [
              "192.168.10.0/24"
            ],
            "v6_cidr_blocks": [],
            "zone": "ru-central1-a"
          },
          "sensitive_attributes": [],
          "private": "eyJlMmJmYjczMC1lY2FhLTExZTYtOGY4OC0zNDM2M2JjN2M0YzAiOnsiY3JlYXRlIjoxODAwMDAwMDAwMDAsImRlbGV0ZSI6MTgwMDAwMDAwMDAwLCJ1cGRhdGUiOjE4MDAwMDAwMDAwMH19",
          "dependencies": [
            "yandex_vpc_network.network-1"
          ]
        }
      ]
    },
    {
      "mode": "managed",
      "type": "yandex_vpc_subnet",
      "name": "subnet-2",
      "provider": "provider[\"registry.terraform.io/yandex-cloud/yandex\"]",
      "instances": [
        {
          "schema_version": 0,
          "attributes": {
            "created_at": "2022-10-17T18:54:00Z",
            "description": "",
            "dhcp_options": [],
            "folder_id": "b1gul91ei8j7s5474qh6",
            "id": "e2laaumkjofsd7v68fkr",
            "labels": {},
            "name": "subnet2",
            "network_id": "enptb824ivk7169vs2lc",
            "route_table_id": "",
            "timeouts": null,
            "v4_cidr_blocks": [
              "192.168.20.0/24"
            ],
            "v6_cidr_blocks": [],
            "zone": "ru-central1-b"
          },
          "sensitive_attributes": [],
          "private": "eyJlMmJmYjczMC1lY2FhLTExZTYtOGY4OC0zNDM2M2JjN2M0YzAiOnsiY3JlYXRlIjoxODAwMDAwMDAwMDAsImRlbGV0ZSI6MTgwMDAwMDAwMDAwLCJ1cGRhdGUiOjE4MDAwMDAwMDAwMH19",
          "dependencies": [
            "yandex_vpc_network.network-1"
          ]
        }
      ]
    },
    {
      "module": "module.inst1",
      "mode": "data",
      "type": "yandex_compute_image",
      "name": "image",
      "provider": "module.inst1.provider[\"registry.terraform.io/yandex-cloud/yandex\"]",
      "instances": [
        {
          "schema_version": 0,
          "attributes": {
            "created_at": "2022-09-05T10:46:05Z",
            "description": "LAMP",
            "family": "lamp",
            "folder_id": "standard-images",
            "id": "fd8pud26a17jdkbf9ecb",
            "image_id": "fd8pud26a17jdkbf9ecb",
            "labels": {},
            "min_disk_size": 3,
            "name": "lamp-v20220905",
            "os_type": "linux",
            "pooled": true,
            "product_ids": [
              "f2e82m62kd032hrqpvkk",
              "f2env04lup1ac371q0cv"
            ],
            "size": 2,
            "status": "ready"
          },
          "sensitive_attributes": []
        }
      ]
    },
    {
      "module": "module.inst1",
      "mode": "managed",
      "type": "yandex_compute_instance",
      "name": "vm",
      "provider": "module.inst1.provider[\"registry.terraform.io/yandex-cloud/yandex\"]",
      "instances": [
        {
          "schema_version": 1,
          "attributes": {
            "allow_recreate": null,
            "allow_stopping_for_update": null,
            "boot_disk": [
              {
                "auto_delete": true,
                "device_name": "fhmuf7t4n7u85l8102v3",
                "disk_id": "fhmuf7t4n7u85l8102v3",
                "initialize_params": [
                  {
                    "block_size": 4096,
                    "description": "",
                    "image_id": "fd8pud26a17jdkbf9ecb",
                    "name": "",
                    "size": 3,
                    "snapshot_id": "",
                    "type": "network-hdd"
                  }
                ],
                "mode": "READ_WRITE"
              }
            ],
            "created_at": "2022-10-17T21:39:17Z",
            "description": "",
            "folder_id": "b1gul91ei8j7s5474qh6",
            "fqdn": "fhmaar7gf12vju497333.auto.internal",
            "hostname": "",
            "id": "fhmaar7gf12vju497333",
            "labels": {},
            "local_disk": [],
            "metadata": {
              "ssh-keys": "ubuntu:ssh-rsa AAAAB3NzaC1yc2EAAAADAQABAAABgQDYgWAT1jwgMPQnJOrAmYiBKey+cNqgk5Qn7J6i5c6ohS4Xrs8kAQJf/N3X12Yfg0YMYyEKlU/691axzaIjzQ8dbpr2jLTHuqw66Roa7wKW26Egp1sF5/edoIVIzXINB7S/D6novw1zS0jyDiiL2hDfOFabuq94+q7SgthfLVYACLtbv1+XgcHdrcC+C+Q6fEjJxqG5uVrOSjZxoovnxndNeGEQeHdmDLbNj4wAzJvonEVuaSrT9wOzMsvHRhsckr5Rkhu27/qStMbvbnpuW10uUUWbbuC5F+XF2JwMVuAHRpu+dOK6Nb6dMH9Wn320QGgVuvrp4Wz/udpjrtZKVahjtbiVd4CKA2WxPYdRXdypv5GAeZqxTOFmJQzx6lRqY8j1Gy344PkpCDN5/E2tRYuUC5zZVqW0zExhQsX1BQnl9ejZsG35s6UMt3znthJ+2P9wxwDzFg55xTih3a9c7dTxIfwQvyFNTaKwAK3hZcmyqapWczCIKCFf87KlCFDduws= admin@terraform\n"
            },
            "name": "inst-1",
            "network_acceleration_type": "standard",
            "network_interface": [
              {
                "dns_record": [],
                "index": 0,
                "ip_address": "192.168.10.27",
                "ipv4": true,
                "ipv6": false,
                "ipv6_address": "",
                "ipv6_dns_record": [],
                "mac_address": "d0:0d:a5:6c:f0:78",
                "nat": true,
                "nat_dns_record": [],
                "nat_ip_address": "",
                "nat_ip_version": "IPV4",
                "security_group_ids": [],
                "subnet_id": "e9beu71f5oo5nj2qib11"
              }
            ],
            "placement_policy": [
              {
                "host_affinity_rules": [],
                "placement_group_id": ""
              }
            ],
            "platform_id": "standard-v1",
            "resources": [
              {
                "core_fraction": 100,
                "cores": 2,
                "gpus": 0,
                "memory": 2
              }
            ],
            "scheduling_policy": [
              {
                "preemptible": false
              }
            ],
            "secondary_disk": [],
            "service_account_id": "",
            "status": "stopped",
            "timeouts": null,
            "zone": "ru-central1-a"
          },
          "sensitive_attributes": [],
          "private": "eyJlMmJmYjczMC1lY2FhLTExZTYtOGY4OC0zNDM2M2JjN2M0YzAiOnsiY3JlYXRlIjozMDAwMDAwMDAwMDAsImRlbGV0ZSI6MzAwMDAwMDAwMDAwLCJ1cGRhdGUiOjMwMDAwMDAwMDAwMH0sInNjaGVtYV92ZXJzaW9uIjoiMSJ9",
          "dependencies": [
            "module.inst1.data.yandex_compute_image.image",
            "yandex_vpc_network.network-1",
            "yandex_vpc_subnet.subnet-1"
          ]
        }
      ]
    },
    {
      "module": "module.inst2",
      "mode": "data",
      "type": "yandex_compute_image",
      "name": "image",
      "provider": "module.inst2.provider[\"registry.terraform.io/yandex-cloud/yandex\"]",
      "instances": [
        {
          "schema_version": 0,
          "attributes": {
            "created_at": "2022-09-05T10:46:05Z",
            "description": "LAMP",
            "family": "lamp",
            "folder_id": "standard-images",
            "id": "fd8pud26a17jdkbf9ecb",
            "image_id": "fd8pud26a17jdkbf9ecb",
            "labels": {},
            "min_disk_size": 3,
            "name": "lamp-v20220905",
            "os_type": "linux",
            "pooled": true,
            "product_ids": [
              "f2e82m62kd032hrqpvkk",
              "f2env04lup1ac371q0cv"
            ],
            "size": 2,
            "status": "ready"
          },
          "sensitive_attributes": []
        }
      ]
    },
    {
      "module": "module.inst2",
      "mode": "managed",
      "type": "yandex_compute_instance",
      "name": "vm",
      "provider": "module.inst2.provider[\"registry.terraform.io/yandex-cloud/yandex\"]",
      "instances": [
        {
          "schema_version": 1,
          "attributes": {
            "allow_recreate": null,
            "allow_stopping_for_update": null,
            "boot_disk": [
              {
                "auto_delete": true,
                "device_name": "fhma1mamn6gjidm55cmg",
                "disk_id": "fhma1mamn6gjidm55cmg",
                "initialize_params": [
                  {
                    "block_size": 4096,
                    "description": "",
                    "image_id": "fd8pud26a17jdkbf9ecb",
                    "name": "",
                    "size": 3,
                    "snapshot_id": "",
                    "type": "network-hdd"
                  }
                ],
                "mode": "READ_WRITE"
              }
            ],
            "created_at": "2022-10-17T21:39:17Z",
            "description": "",
            "folder_id": "b1gul91ei8j7s5474qh6",
            "fqdn": "fhmuijsn20k4icmtevcj.auto.internal",
            "hostname": "",
            "id": "fhmuijsn20k4icmtevcj",
            "labels": {},
            "local_disk": [],
            "metadata": {
              "ssh-keys": "ubuntu:ssh-rsa AAAAB3NzaC1yc2EAAAADAQABAAABgQDYgWAT1jwgMPQnJOrAmYiBKey+cNqgk5Qn7J6i5c6ohS4Xrs8kAQJf/N3X12Yfg0YMYyEKlU/691axzaIjzQ8dbpr2jLTHuqw66Roa7wKW26Egp1sF5/edoIVIzXINB7S/D6novw1zS0jyDiiL2hDfOFabuq94+q7SgthfLVYACLtbv1+XgcHdrcC+C+Q6fEjJxqG5uVrOSjZxoovnxndNeGEQeHdmDLbNj4wAzJvonEVuaSrT9wOzMsvHRhsckr5Rkhu27/qStMbvbnpuW10uUUWbbuC5F+XF2JwMVuAHRpu+dOK6Nb6dMH9Wn320QGgVuvrp4Wz/udpjrtZKVahjtbiVd4CKA2WxPYdRXdypv5GAeZqxTOFmJQzx6lRqY8j1Gy344PkpCDN5/E2tRYuUC5zZVqW0zExhQsX1BQnl9ejZsG35s6UMt3znthJ+2P9wxwDzFg55xTih3a9c7dTxIfwQvyFNTaKwAK3hZcmyqapWczCIKCFf87KlCFDduws= admin@terraform\n"
            },
            "name": "inst-2",
            "network_acceleration_type": "standard",
            "network_interface": [
              {
                "dns_record": [],
                "index": 0,
                "ip_address": "192.168.10.3",
                "ipv4": true,
                "ipv6": false,
                "ipv6_address": "",
                "ipv6_dns_record": [],
                "mac_address": "d0:0d:1e:94:f9:71",
                "nat": true,
                "nat_dns_record": [],
                "nat_ip_address": "",
                "nat_ip_version": "IPV4",
                "security_group_ids": [],
                "subnet_id": "e9beu71f5oo5nj2qib11"
              }
            ],
            "placement_policy": [
              {
                "host_affinity_rules": [],
                "placement_group_id": ""
              }
            ],
            "platform_id": "standard-v1",
            "resources": [
              {
                "core_fraction": 100,
                "cores": 2,
                "gpus": 0,
                "memory": 2
              }
            ],
            "scheduling_policy": [
              {
                "preemptible": false
              }
            ],
            "secondary_disk": [],
            "service_account_id": "",
            "status": "stopped",
            "timeouts": null,
            "zone": "ru-central1-a"
          },
          "sensitive_attributes": [],
          "private": "eyJlMmJmYjczMC1lY2FhLTExZTYtOGY4OC0zNDM2M2JjN2M0YzAiOnsiY3JlYXRlIjozMDAwMDAwMDAwMDAsImRlbGV0ZSI6MzAwMDAwMDAwMDAwLCJ1cGRhdGUiOjMwMDAwMDAwMDAwMH0sInNjaGVtYV92ZXJzaW9uIjoiMSJ9",
          "dependencies": [
            "module.inst2.data.yandex_compute_image.image",
            "yandex_vpc_network.network-1",
            "yandex_vpc_subnet.subnet-1"
          ]
        }
      ]
    }
  ],
  "check_results": []
}
